<?xml version="1.0" encoding="utf-8"?>
<Project ToolsVersion="4.0" xmlns="http://schemas.microsoft.com/developer/msbuild/2003">
  <ItemGroup>
    <ClCompile Include="Source\Actor.cpp">
      <Filter>Source</Filter>
    </ClCompile>
    <ClCompile Include="Source\Camera.cpp">
      <Filter>Source</Filter>
    </ClCompile>
    <ClCompile Include="Source\Color.cpp">
      <Filter>Source</Filter>
    </ClCompile>
    <ClCompile Include="Source\ETime.cpp">
      <Filter>Source</Filter>
    </ClCompile>
    <ClCompile Include="Source\Framebuffer.cpp">
      <Filter>Source</Filter>
    </ClCompile>
    <ClCompile Include="Source\Image.cpp">
      <Filter>Source</Filter>
    </ClCompile>
    <ClCompile Include="Source\Input.cpp">
      <Filter>Source</Filter>
    </ClCompile>
    <ClCompile Include="Source\Main.cpp">
      <Filter>Source</Filter>
    </ClCompile>
    <ClCompile Include="Source\Model.cpp">
      <Filter>Source</Filter>
    </ClCompile>
    <ClCompile Include="Source\PostProcess.cpp">
      <Filter>Source</Filter>
    </ClCompile>
    <ClCompile Include="Source\Renderer.cpp">
      <Filter>Source</Filter>
    </ClCompile>
  </ItemGroup>
  <ItemGroup>
    <ClInclude Include="Source\Actor.h">
      <Filter>Headers</Filter>
    </ClInclude>
    <ClInclude Include="Source\Camera.h">
      <Filter>Headers</Filter>
    </ClInclude>
    <ClInclude Include="Source\Color.h">
      <Filter>Headers</Filter>
    </ClInclude>
    <ClInclude Include="Source\ETime.h">
      <Filter>Headers</Filter>
    </ClInclude>
    <ClInclude Include="Source\Framebuffer.h">
      <Filter>Headers</Filter>
    </ClInclude>
    <ClInclude Include="Source\Image.h">
      <Filter>Headers</Filter>
    </ClInclude>
    <ClInclude Include="Source\Input.h">
      <Filter>Headers</Filter>
    </ClInclude>
    <ClInclude Include="Source\MathUtils.h">
      <Filter>Headers</Filter>
    </ClInclude>
    <ClInclude Include="Source\Model.h">
      <Filter>Headers</Filter>
    </ClInclude>
    <ClInclude Include="Source\PostProcess.h">
      <Filter>Headers</Filter>
    </ClInclude>
    <ClInclude Include="Source\Random.h">
      <Filter>Headers</Filter>
    </ClInclude>
    <ClInclude Include="Source\Renderer.h">
      <Filter>Headers</Filter>
    </ClInclude>
    <ClInclude Include="Source\Transform.h">
      <Filter>Headers</Filter>
    </ClInclude>
    <ClInclude Include="Source\Ray.h">
      <Filter>Headers</Filter>
    </ClInclude>
  </ItemGroup>
  <ItemGroup>
    <Filter Include="Headers">
      <UniqueIdentifier>{84675164-5ca1-4c97-a4e1-95d43bea543a}</UniqueIdentifier>
    </Filter>
    <Filter Include="Source">
      <UniqueIdentifier>{1f618d76-ceae-4b1c-adbe-2d938688a4ef}</UniqueIdentifier>
    </Filter>
  </ItemGroup>
</Project>